version = 1
revision = 3
requires-python = ">=3.12"

[[package]]
name = "encapsulation-programming-exercises"
version = "0.1.0"
source = { virtual = "." }
dependencies = [
    { name = "pet" },
]

[package.metadata]
requires-dist = [{ name = "pet", specifier = ">=0.3.2" }]

[[package]]
name = "pet"
version = "0.3.2"
source = { registry = "https://pypi.org/simple" }
sdist = { url = "https://files.pythonhosted.org/packages/82/71/7ae1e7f064b083dcae75ef7355f3ed5934b5da8621e033ccb24c4ecc04b6/pet-0.3.2.tar.gz", hash = "sha256:295d742eb1893564b6566bf829fcb080aa444e04695980b3565dbfdef4752002", size = 414073, upload-time = "2017-03-26T11:15:12.126Z" }
